
Microsoft Visual Studio Solution File, Format Version 12.00
# Visual Studio Version 16
VisualStudioVersion = 16.0.31321.278
MinimumVisualStudioVersion = 10.0.40219.1
Project("{2150E333-8FDC-42A3-9474-1A3956D46DE8}") = "Services", "Services", "{37694F1D-B296-4FEB-8403-8FD63A969A64}"
EndProject
Project("{2150E333-8FDC-42A3-9474-1A3956D46DE8}") = "Catalog", "Catalog", "{BA15F7C1-A6AE-48FE-889E-BF39F1D56FA5}"
EndProject
Project("{E53339B2-1760-4266-BCC7-CA923CBCF16C}") = "docker-compose", "docker-compose.dcproj", "{1545A02D-3482-4621-A0C8-6F7AE4701C05}"
EndProject
Project("{9A19103F-16F7-4668-BE54-9A1E7A4F7556}") = "Catalog.API", "..\..\..\..\Downloads\Compressed\AspnetMicroservices-main\AspnetMicroservices-main\src\Services\Catalog\Catalog.API\Catalog.API.csproj", "{CF215A5E-6A7A-46FB-A018-056568B5B3EC}"
EndProject
Project("{2150E333-8FDC-42A3-9474-1A3956D46DE8}") = "Basket", "Basket", "{241ACA1E-AD2C-4533-AAD5-551261649FB7}"
EndProject
Project("{FAE04EC0-301F-11D3-BF4B-00C04F79EFBC}") = "Basket.API", "Services\Basket\Basket.API\Basket.API.csproj", "{9B91E3FC-EC7D-441A-B29C-3FBFBE2E10E9}"
EndProject
Global
	GlobalSection(SolutionConfigurationPlatforms) = preSolution
		Debug|Any CPU = Debug|Any CPU
		Release|Any CPU = Release|Any CPU
	EndGlobalSection
	GlobalSection(ProjectConfigurationPlatforms) = postSolution
		{1545A02D-3482-4621-A0C8-6F7AE4701C05}.Debug|Any CPU.ActiveCfg = Debug|Any CPU
		{1545A02D-3482-4621-A0C8-6F7AE4701C05}.Debug|Any CPU.Build.0 = Debug|Any CPU
		{1545A02D-3482-4621-A0C8-6F7AE4701C05}.Release|Any CPU.ActiveCfg = Release|Any CPU
		{1545A02D-3482-4621-A0C8-6F7AE4701C05}.Release|Any CPU.Build.0 = Release|Any CPU
		{CF215A5E-6A7A-46FB-A018-056568B5B3EC}.Debug|Any CPU.ActiveCfg = Debug|Any CPU
		{CF215A5E-6A7A-46FB-A018-056568B5B3EC}.Debug|Any CPU.Build.0 = Debug|Any CPU
		{CF215A5E-6A7A-46FB-A018-056568B5B3EC}.Release|Any CPU.ActiveCfg = Release|Any CPU
		{CF215A5E-6A7A-46FB-A018-056568B5B3EC}.Release|Any CPU.Build.0 = Release|Any CPU
		{9B91E3FC-EC7D-441A-B29C-3FBFBE2E10E9}.Debug|Any CPU.ActiveCfg = Debug|Any CPU
		{9B91E3FC-EC7D-441A-B29C-3FBFBE2E10E9}.Debug|Any CPU.Build.0 = Debug|Any CPU
		{9B91E3FC-EC7D-441A-B29C-3FBFBE2E10E9}.Release|Any CPU.ActiveCfg = Release|Any CPU
		{9B91E3FC-EC7D-441A-B29C-3FBFBE2E10E9}.Release|Any CPU.Build.0 = Release|Any CPU
	EndGlobalSection
	GlobalSection(SolutionProperties) = preSolution
		HideSolutionNode = FALSE
	EndGlobalSection
	GlobalSection(NestedProjects) = preSolution
		{BA15F7C1-A6AE-48FE-889E-BF39F1D56FA5} = {37694F1D-B296-4FEB-8403-8FD63A969A64}
		{CF215A5E-6A7A-46FB-A018-056568B5B3EC} = {BA15F7C1-A6AE-48FE-889E-BF39F1D56FA5}
		{241ACA1E-AD2C-4533-AAD5-551261649FB7} = {37694F1D-B296-4FEB-8403-8FD63A969A64}
		{9B91E3FC-EC7D-441A-B29C-3FBFBE2E10E9} = {241ACA1E-AD2C-4533-AAD5-551261649FB7}
	EndGlobalSection
	GlobalSection(ExtensibilityGlobals) = postSolution
		SolutionGuid = {D49DA742-D991-4EB8-8882-7571895BCD31}
	EndGlobalSection
EndGlobal
