
Microsoft Visual Studio Solution File, Format Version 12.00
# Visual Studio Version 16
VisualStudioVersion = 16.0.31321.278
MinimumVisualStudioVersion = 10.0.40219.1
Project("{2150E333-8FDC-42A3-9474-1A3956D46DE8}") = "Services", "Services", "{37694F1D-B296-4FEB-8403-8FD63A969A64}"
EndProject
Project("{2150E333-8FDC-42A3-9474-1A3956D46DE8}") = "Catalog", "Catalog", "{BA15F7C1-A6AE-48FE-889E-BF39F1D56FA5}"
EndProject
Project("{E53339B2-1760-4266-BCC7-CA923CBCF16C}") = "docker-compose", "docker-compose.dcproj", "{1545A02D-3482-4621-A0C8-6F7AE4701C05}"
EndProject
Project("{9A19103F-16F7-4668-BE54-9A1E7A4F7556}") = "Catalog.API", "..\..\..\..\Downloads\Compressed\AspnetMicroservices-main\AspnetMicroservices-main\src\Services\Catalog\Catalog.API\Catalog.API.csproj", "{CF215A5E-6A7A-46FB-A018-056568B5B3EC}"
EndProject
Project("{2150E333-8FDC-42A3-9474-1A3956D46DE8}") = "Basket", "Basket", "{241ACA1E-AD2C-4533-AAD5-551261649FB7}"
EndProject
Project("{9A19103F-16F7-4668-BE54-9A1E7A4F7556}") = "Basket.API", "Services\Basket\Basket.API\Basket.API.csproj", "{9B91E3FC-EC7D-441A-B29C-3FBFBE2E10E9}"
EndProject
Project("{2150E333-8FDC-42A3-9474-1A3956D46DE8}") = "Discount", "Discount", "{CC6A3590-06C7-4096-ABA7-A2313ADC26DF}"
EndProject
Project("{9A19103F-16F7-4668-BE54-9A1E7A4F7556}") = "Discount.API", "Services\Discount\Discount.API\Discount.API.csproj", "{30F7D75D-7B7F-4490-9AF6-56BC8CA9041D}"
EndProject
Project("{9A19103F-16F7-4668-BE54-9A1E7A4F7556}") = "Discount.Grpc", "Services\Discount\Discount.Grpc\Discount.Grpc.csproj", "{D994C0AE-BA01-4E78-B1FA-7C2B631AFA6E}"
EndProject
Project("{2150E333-8FDC-42A3-9474-1A3956D46DE8}") = "Ordering", "Ordering", "{FD18E340-DF98-4179-925F-25C7E4829770}"
EndProject
Project("{9A19103F-16F7-4668-BE54-9A1E7A4F7556}") = "Ordering.API", "Services\Ordering\Ordering.API\Ordering.API.csproj", "{CA17EF1F-0CA9-417C-AD19-17985536D5D5}"
EndProject
Project("{9A19103F-16F7-4668-BE54-9A1E7A4F7556}") = "Ordering.Application", "Services\Ordering\Ordering.Application\Ordering.Application.csproj", "{E7D45FFA-5DB7-4636-82B1-A028540B2297}"
EndProject
Project("{9A19103F-16F7-4668-BE54-9A1E7A4F7556}") = "Ordering.Domain", "Services\Ordering\Ordering.Domain\Ordering.Domain.csproj", "{074C4BC2-809D-47BC-8F45-1D145749F854}"
EndProject
Project("{9A19103F-16F7-4668-BE54-9A1E7A4F7556}") = "Ordering.Infrastructure", "Services\Ordering\Ordering.Infrastructure\Ordering.Infrastructure.csproj", "{7B41C9DC-4435-48AF-AE92-85BEADD13A75}"
EndProject
Project("{2150E333-8FDC-42A3-9474-1A3956D46DE8}") = "BuildingBlocks", "BuildingBlocks", "{677DB94D-B533-4AD2-8DF5-FA7BC940D54B}"
EndProject
Project("{9A19103F-16F7-4668-BE54-9A1E7A4F7556}") = "EventBus.Messages", "BuildingBlocks\EventBus.Messages\EventBus.Messages.csproj", "{B4CD1699-C70B-4E56-BA92-B72D9E6CEE2D}"
EndProject
Project("{2150E333-8FDC-42A3-9474-1A3956D46DE8}") = "ApiGateways", "ApiGateways", "{20FF37BE-FF1C-49D5-B183-2F828CAE459D}"
EndProject
Project("{FAE04EC0-301F-11D3-BF4B-00C04F79EFBC}") = "OcelotApiGateway", "ApiGateways\OcelotApiGateway\OcelotApiGateway.csproj", "{A8EA6A52-51D8-427A-A8F4-ED4602CAA8DA}"
EndProject
Global
	GlobalSection(SolutionConfigurationPlatforms) = preSolution
		Debug|Any CPU = Debug|Any CPU
		Release|Any CPU = Release|Any CPU
	EndGlobalSection
	GlobalSection(ProjectConfigurationPlatforms) = postSolution
		{1545A02D-3482-4621-A0C8-6F7AE4701C05}.Debug|Any CPU.ActiveCfg = Debug|Any CPU
		{1545A02D-3482-4621-A0C8-6F7AE4701C05}.Debug|Any CPU.Build.0 = Debug|Any CPU
		{1545A02D-3482-4621-A0C8-6F7AE4701C05}.Release|Any CPU.ActiveCfg = Release|Any CPU
		{1545A02D-3482-4621-A0C8-6F7AE4701C05}.Release|Any CPU.Build.0 = Release|Any CPU
		{CF215A5E-6A7A-46FB-A018-056568B5B3EC}.Debug|Any CPU.ActiveCfg = Debug|Any CPU
		{CF215A5E-6A7A-46FB-A018-056568B5B3EC}.Debug|Any CPU.Build.0 = Debug|Any CPU
		{CF215A5E-6A7A-46FB-A018-056568B5B3EC}.Release|Any CPU.ActiveCfg = Release|Any CPU
		{CF215A5E-6A7A-46FB-A018-056568B5B3EC}.Release|Any CPU.Build.0 = Release|Any CPU
		{9B91E3FC-EC7D-441A-B29C-3FBFBE2E10E9}.Debug|Any CPU.ActiveCfg = Debug|Any CPU
		{9B91E3FC-EC7D-441A-B29C-3FBFBE2E10E9}.Debug|Any CPU.Build.0 = Debug|Any CPU
		{9B91E3FC-EC7D-441A-B29C-3FBFBE2E10E9}.Release|Any CPU.ActiveCfg = Release|Any CPU
		{9B91E3FC-EC7D-441A-B29C-3FBFBE2E10E9}.Release|Any CPU.Build.0 = Release|Any CPU
		{30F7D75D-7B7F-4490-9AF6-56BC8CA9041D}.Debug|Any CPU.ActiveCfg = Debug|Any CPU
		{30F7D75D-7B7F-4490-9AF6-56BC8CA9041D}.Debug|Any CPU.Build.0 = Debug|Any CPU
		{30F7D75D-7B7F-4490-9AF6-56BC8CA9041D}.Release|Any CPU.ActiveCfg = Release|Any CPU
		{30F7D75D-7B7F-4490-9AF6-56BC8CA9041D}.Release|Any CPU.Build.0 = Release|Any CPU
		{D994C0AE-BA01-4E78-B1FA-7C2B631AFA6E}.Debug|Any CPU.ActiveCfg = Debug|Any CPU
		{D994C0AE-BA01-4E78-B1FA-7C2B631AFA6E}.Debug|Any CPU.Build.0 = Debug|Any CPU
		{D994C0AE-BA01-4E78-B1FA-7C2B631AFA6E}.Release|Any CPU.ActiveCfg = Release|Any CPU
		{D994C0AE-BA01-4E78-B1FA-7C2B631AFA6E}.Release|Any CPU.Build.0 = Release|Any CPU
		{CA17EF1F-0CA9-417C-AD19-17985536D5D5}.Debug|Any CPU.ActiveCfg = Debug|Any CPU
		{CA17EF1F-0CA9-417C-AD19-17985536D5D5}.Debug|Any CPU.Build.0 = Debug|Any CPU
		{CA17EF1F-0CA9-417C-AD19-17985536D5D5}.Release|Any CPU.ActiveCfg = Release|Any CPU
		{CA17EF1F-0CA9-417C-AD19-17985536D5D5}.Release|Any CPU.Build.0 = Release|Any CPU
		{E7D45FFA-5DB7-4636-82B1-A028540B2297}.Debug|Any CPU.ActiveCfg = Debug|Any CPU
		{E7D45FFA-5DB7-4636-82B1-A028540B2297}.Debug|Any CPU.Build.0 = Debug|Any CPU
		{E7D45FFA-5DB7-4636-82B1-A028540B2297}.Release|Any CPU.ActiveCfg = Release|Any CPU
		{E7D45FFA-5DB7-4636-82B1-A028540B2297}.Release|Any CPU.Build.0 = Release|Any CPU
		{074C4BC2-809D-47BC-8F45-1D145749F854}.Debug|Any CPU.ActiveCfg = Debug|Any CPU
		{074C4BC2-809D-47BC-8F45-1D145749F854}.Debug|Any CPU.Build.0 = Debug|Any CPU
		{074C4BC2-809D-47BC-8F45-1D145749F854}.Release|Any CPU.ActiveCfg = Release|Any CPU
		{074C4BC2-809D-47BC-8F45-1D145749F854}.Release|Any CPU.Build.0 = Release|Any CPU
		{7B41C9DC-4435-48AF-AE92-85BEADD13A75}.Debug|Any CPU.ActiveCfg = Debug|Any CPU
		{7B41C9DC-4435-48AF-AE92-85BEADD13A75}.Debug|Any CPU.Build.0 = Debug|Any CPU
		{7B41C9DC-4435-48AF-AE92-85BEADD13A75}.Release|Any CPU.ActiveCfg = Release|Any CPU
		{7B41C9DC-4435-48AF-AE92-85BEADD13A75}.Release|Any CPU.Build.0 = Release|Any CPU
		{B4CD1699-C70B-4E56-BA92-B72D9E6CEE2D}.Debug|Any CPU.ActiveCfg = Debug|Any CPU
		{B4CD1699-C70B-4E56-BA92-B72D9E6CEE2D}.Debug|Any CPU.Build.0 = Debug|Any CPU
		{B4CD1699-C70B-4E56-BA92-B72D9E6CEE2D}.Release|Any CPU.ActiveCfg = Release|Any CPU
		{B4CD1699-C70B-4E56-BA92-B72D9E6CEE2D}.Release|Any CPU.Build.0 = Release|Any CPU
		{A8EA6A52-51D8-427A-A8F4-ED4602CAA8DA}.Debug|Any CPU.ActiveCfg = Debug|Any CPU
		{A8EA6A52-51D8-427A-A8F4-ED4602CAA8DA}.Debug|Any CPU.Build.0 = Debug|Any CPU
		{A8EA6A52-51D8-427A-A8F4-ED4602CAA8DA}.Release|Any CPU.ActiveCfg = Release|Any CPU
		{A8EA6A52-51D8-427A-A8F4-ED4602CAA8DA}.Release|Any CPU.Build.0 = Release|Any CPU
	EndGlobalSection
	GlobalSection(SolutionProperties) = preSolution
		HideSolutionNode = FALSE
	EndGlobalSection
	GlobalSection(NestedProjects) = preSolution
		{BA15F7C1-A6AE-48FE-889E-BF39F1D56FA5} = {37694F1D-B296-4FEB-8403-8FD63A969A64}
		{CF215A5E-6A7A-46FB-A018-056568B5B3EC} = {BA15F7C1-A6AE-48FE-889E-BF39F1D56FA5}
		{241ACA1E-AD2C-4533-AAD5-551261649FB7} = {37694F1D-B296-4FEB-8403-8FD63A969A64}
		{9B91E3FC-EC7D-441A-B29C-3FBFBE2E10E9} = {241ACA1E-AD2C-4533-AAD5-551261649FB7}
		{CC6A3590-06C7-4096-ABA7-A2313ADC26DF} = {37694F1D-B296-4FEB-8403-8FD63A969A64}
		{30F7D75D-7B7F-4490-9AF6-56BC8CA9041D} = {CC6A3590-06C7-4096-ABA7-A2313ADC26DF}
		{D994C0AE-BA01-4E78-B1FA-7C2B631AFA6E} = {CC6A3590-06C7-4096-ABA7-A2313ADC26DF}
		{FD18E340-DF98-4179-925F-25C7E4829770} = {37694F1D-B296-4FEB-8403-8FD63A969A64}
		{CA17EF1F-0CA9-417C-AD19-17985536D5D5} = {FD18E340-DF98-4179-925F-25C7E4829770}
		{E7D45FFA-5DB7-4636-82B1-A028540B2297} = {FD18E340-DF98-4179-925F-25C7E4829770}
		{074C4BC2-809D-47BC-8F45-1D145749F854} = {FD18E340-DF98-4179-925F-25C7E4829770}
		{7B41C9DC-4435-48AF-AE92-85BEADD13A75} = {FD18E340-DF98-4179-925F-25C7E4829770}
		{B4CD1699-C70B-4E56-BA92-B72D9E6CEE2D} = {677DB94D-B533-4AD2-8DF5-FA7BC940D54B}
		{A8EA6A52-51D8-427A-A8F4-ED4602CAA8DA} = {20FF37BE-FF1C-49D5-B183-2F828CAE459D}
	EndGlobalSection
	GlobalSection(ExtensibilityGlobals) = postSolution
		SolutionGuid = {D49DA742-D991-4EB8-8882-7571895BCD31}
	EndGlobalSection
EndGlobal
